
Microsoft Visual Studio Solution File, Format Version 12.00
# Visual Studio Version 16
VisualStudioVersion = 16.0.31702.278
MinimumVisualStudioVersion = 10.0.40219.1
Project("{FAE04EC0-301F-11D3-BF4B-00C04F79EFBC}") = "OSMMap", "OSMMap\OSMMap.csproj", "{16621DBF-4F6A-4505-8398-55BAB0FBC153}"
EndProject
Project("{FAE04EC0-301F-11D3-BF4B-00C04F79EFBC}") = "OSMMapLib", "OSMMapLib\OSMMapLib.csproj", "{4301C1E7-85E9-4D3E-BA35-4E573919910E}"
EndProject
Global
	GlobalSection(SolutionConfigurationPlatforms) = preSolution
		Debug|Any CPU = Debug|Any CPU
		Release|Any CPU = Release|Any CPU
	EndGlobalSection
	GlobalSection(ProjectConfigurationPlatforms) = postSolution
		{16621DBF-4F6A-4505-8398-55BAB0FBC153}.Debug|Any CPU.ActiveCfg = Debug|Any CPU
		{16621DBF-4F6A-4505-8398-55BAB0FBC153}.Debug|Any CPU.Build.0 = Debug|Any CPU
		{16621DBF-4F6A-4505-8398-55BAB0FBC153}.Release|Any CPU.ActiveCfg = Release|Any CPU
		{16621DBF-4F6A-4505-8398-55BAB0FBC153}.Release|Any CPU.Build.0 = Release|Any CPU
		{4301C1E7-85E9-4D3E-BA35-4E573919910E}.Debug|Any CPU.ActiveCfg = Debug|Any CPU
		{4301C1E7-85E9-4D3E-BA35-4E573919910E}.Debug|Any CPU.Build.0 = Debug|Any CPU
		{4301C1E7-85E9-4D3E-BA35-4E573919910E}.Release|Any CPU.ActiveCfg = Release|Any CPU
		{4301C1E7-85E9-4D3E-BA35-4E573919910E}.Release|Any CPU.Build.0 = Release|Any CPU
	EndGlobalSection
	GlobalSection(SolutionProperties) = preSolution
		HideSolutionNode = FALSE
	EndGlobalSection
	GlobalSection(ExtensibilityGlobals) = postSolution
		SolutionGuid = {D94B7523-A2DE-44F9-8C21-F185B41AC615}
	EndGlobalSection
EndGlobal
